{
  "requires": true,
  "lockfileVersion": 1,
  "dependencies": {
    "cordova-android": {
      "version": "3.7.0",
      "resolved": "https://registry.npmjs.org/cordova-android/-/cordova-android-3.7.0.tgz",
      "integrity": "sha1-+GD+KNIObe5IlhumadS5g+AISac=",
      "requires": {
        "q": "0.9.7",
        "shelljs": "0.2.6"
      }
    },
    "cordova-plugin-whitelist": {
      "version": "1.3.3",
      "resolved": "https://registry.npmjs.org/cordova-plugin-whitelist/-/cordova-plugin-whitelist-1.3.3.tgz",
      "integrity": "sha1-tehezbv+Wu3tQKG/TuI3LmfZb7Q="
    },
    "q": {
      "version": "0.9.7",
      "resolved": "https://registry.npmjs.org/q/-/q-0.9.7.tgz",
      "integrity": "sha1-TeLmyzspCIyeTLwDv51C+5bOL3U="
    },
    "shelljs": {
      "version": "0.2.6",
      "resolved": "https://registry.npmjs.org/shelljs/-/shelljs-0.2.6.tgz",
      "integrity": "sha1-kEktcv/MgVmXa6umL7D2iE8MM3g="
    }
  }
}
